{
  "name": "onlineriskgame",
  "version": "0.0.1",
  "lockfileVersion": 3,
  "requires": true,
  "packages": {
    "": {
      "name": "onlineriskgame",
      "version": "0.0.1",
      "license": "GPL-3.0-or-later",
      "dependencies": {
        "php-express": "^0.0.3"
      }
    },
    "node_modules/php-express": {
      "version": "0.0.3",
      "resolved": "https://registry.npmjs.org/php-express/-/php-express-0.0.3.tgz",
      "integrity": "sha512-WvnAe9TTXlayfGsKSXW1ZuLykg9VZLEAsU7gJGh0ErzgvN96k7ZAKXWnAzzmitJ3vWBEKSMwHVZXlUf/GmLOiA=="
    }
  }
}
